// !$*UTF8*$!
{
	archiveVersion = 1;
	classes = {
	};
	objectVersion = 50;
	objects = {

/* Begin PBXBuildFile section */
		9E13ACA52448634400DB8CD8 /* LocationManagerController.swift in Sources */ = {isa = PBXBuildFile; fileRef = 9E13ACA42448634400DB8CD8 /* LocationManagerController.swift */; };
		9E13ACA7244863EB00DB8CD8 /* LocationCell.swift in Sources */ = {isa = PBXBuildFile; fileRef = 9E13ACA6244863EB00DB8CD8 /* LocationCell.swift */; };
		9E13ACA9244867DF00DB8CD8 /* LocationManagerViewModel.swift in Sources */ = {isa = PBXBuildFile; fileRef = 9E13ACA8244867DF00DB8CD8 /* LocationManagerViewModel.swift */; };
		9E13ACAB24486C1B00DB8CD8 /* LocationStore.swift in Sources */ = {isa = PBXBuildFile; fileRef = 9E13ACAA24486C1B00DB8CD8 /* LocationStore.swift */; };
		9E6149C9243E18620012B5F7 /* Consts.swift in Sources */ = {isa = PBXBuildFile; fileRef = 9E6149C8243E18620012B5F7 /* Consts.swift */; };
		9EAF12BA2441F16E003F9B20 /* SettingViewModel.swift in Sources */ = {isa = PBXBuildFile; fileRef = 9EAF12B92441F16E003F9B20 /* SettingViewModel.swift */; };
		9EB4ACB0243F18D200EFE8C5 /* UIImage+Extensions.swift in Sources */ = {isa = PBXBuildFile; fileRef = 9EB4ACAF243F18D200EFE8C5 /* UIImage+Extensions.swift */; };
		9EBB1B3F2441736500ABC272 /* SettingHelper.swift in Sources */ = {isa = PBXBuildFile; fileRef = 9EBB1B3E2441736500ABC272 /* SettingHelper.swift */; };
		9EBB1B412441797E00ABC272 /* SettingModel.swift in Sources */ = {isa = PBXBuildFile; fileRef = 9EBB1B402441797E00ABC272 /* SettingModel.swift */; };
		9EC6E82A243F6F2E007728CE /* currentWeatherViewModel.swift in Sources */ = {isa = PBXBuildFile; fileRef = 9EC6E829243F6F2E007728CE /* currentWeatherViewModel.swift */; };
		9EE665F5243DDF6900749556 /* AppDelegate.swift in Sources */ = {isa = PBXBuildFile; fileRef = 9EE665F4243DDF6900749556 /* AppDelegate.swift */; };
		9EE665F7243DDF6900749556 /* SceneDelegate.swift in Sources */ = {isa = PBXBuildFile; fileRef = 9EE665F6243DDF6900749556 /* SceneDelegate.swift */; };
		9EE665F9243DDF6900749556 /* InitialViewController.swift in Sources */ = {isa = PBXBuildFile; fileRef = 9EE665F8243DDF6900749556 /* InitialViewController.swift */; };
		9EE665FC243DDF6900749556 /* Main.storyboard in Resources */ = {isa = PBXBuildFile; fileRef = 9EE665FA243DDF6900749556 /* Main.storyboard */; };
		9EE665FE243DDF6A00749556 /* Assets.xcassets in Resources */ = {isa = PBXBuildFile; fileRef = 9EE665FD243DDF6A00749556 /* Assets.xcassets */; };
		9EE66601243DDF6A00749556 /* LaunchScreen.storyboard in Resources */ = {isa = PBXBuildFile; fileRef = 9EE665FF243DDF6A00749556 /* LaunchScreen.storyboard */; };
		9EE6660C243DDF6B00749556 /* weatherTests.swift in Sources */ = {isa = PBXBuildFile; fileRef = 9EE6660B243DDF6B00749556 /* weatherTests.swift */; };
		9EE66617243DDF6B00749556 /* weatherUITests.swift in Sources */ = {isa = PBXBuildFile; fileRef = 9EE66616243DDF6B00749556 /* weatherUITests.swift */; };
		9EE66628243DE48300749556 /* Location.swift in Sources */ = {isa = PBXBuildFile; fileRef = 9EE66627243DE48300749556 /* Location.swift */; };
		9EE6662A243DE4AE00749556 /* Weather.swift in Sources */ = {isa = PBXBuildFile; fileRef = 9EE66629243DE4AE00749556 /* Weather.swift */; };
		9EE66630243E16B400749556 /* NetworkManager.swift in Sources */ = {isa = PBXBuildFile; fileRef = 9EE6662F243E16B400749556 /* NetworkManager.swift */; };
		9EE66632243E16E400749556 /* Network.swift in Sources */ = {isa = PBXBuildFile; fileRef = 9EE66631243E16E400749556 /* Network.swift */; };
		9EE66634243E16F000749556 /* NetworkFile.swift in Sources */ = {isa = PBXBuildFile; fileRef = 9EE66633243E16F000749556 /* NetworkFile.swift */; };
		9EE66636243E170B00749556 /* NetworkTool.swift in Sources */ = {isa = PBXBuildFile; fileRef = 9EE66635243E170B00749556 /* NetworkTool.swift */; };
		9EE66638243E172A00749556 /* WeatherNetworkApi.swift in Sources */ = {isa = PBXBuildFile; fileRef = 9EE66637243E172A00749556 /* WeatherNetworkApi.swift */; };
		9EECF93C2440473100F7CC61 /* WeekWeatherTableViewCell.swift in Sources */ = {isa = PBXBuildFile; fileRef = 9EECF93B2440473100F7CC61 /* WeekWeatherTableViewCell.swift */; };
		9EECF94024404F2C00F7CC61 /* weekWeatherViewModel.swift in Sources */ = {isa = PBXBuildFile; fileRef = 9EECF93F24404F2C00F7CC61 /* weekWeatherViewModel.swift */; };
		9EECF9422440952F00F7CC61 /* InitialViewController+Table.swift in Sources */ = {isa = PBXBuildFile; fileRef = 9EECF9412440952F00F7CC61 /* InitialViewController+Table.swift */; };
		9EF1EE29243F1DDC00E89A3D /* Double+Extensions.swift in Sources */ = {isa = PBXBuildFile; fileRef = 9EF1EE28243F1DDC00E89A3D /* Double+Extensions.swift */; };
		9EFB9C4224417C1100A22F25 /* SettingTableViewCell.swift in Sources */ = {isa = PBXBuildFile; fileRef = 9EFB9C4124417C1100A22F25 /* SettingTableViewCell.swift */; };
		9EFB9C4424417C4F00A22F25 /* SettingViewController.swift in Sources */ = {isa = PBXBuildFile; fileRef = 9EFB9C4324417C4F00A22F25 /* SettingViewController.swift */; };
/* End PBXBuildFile section */

/* Begin PBXContainerItemProxy section */
		9EE66608243DDF6B00749556 /* PBXContainerItemProxy */ = {
			isa = PBXContainerItemProxy;
			containerPortal = 9EE665E9243DDF6900749556 /* Project object */;
			proxyType = 1;
			remoteGlobalIDString = 9EE665F0243DDF6900749556;
			remoteInfo = weather;
		};
		9EE66613243DDF6B00749556 /* PBXContainerItemProxy */ = {
			isa = PBXContainerItemProxy;
			containerPortal = 9EE665E9243DDF6900749556 /* Project object */;
			proxyType = 1;
			remoteGlobalIDString = 9EE665F0243DDF6900749556;
			remoteInfo = weather;
		};
/* End PBXContainerItemProxy section */

/* Begin PBXFileReference section */
		9E13ACA42448634400DB8CD8 /* LocationManagerController.swift */ = {isa = PBXFileReference; lastKnownFileType = sourcecode.swift; path = LocationManagerController.swift; sourceTree = "<group>"; };
		9E13ACA6244863EB00DB8CD8 /* LocationCell.swift */ = {isa = PBXFileReference; lastKnownFileType = sourcecode.swift; path = LocationCell.swift; sourceTree = "<group>"; };
		9E13ACA8244867DF00DB8CD8 /* LocationManagerViewModel.swift */ = {isa = PBXFileReference; lastKnownFileType = sourcecode.swift; path = LocationManagerViewModel.swift; sourceTree = "<group>"; };
		9E13ACAA24486C1B00DB8CD8 /* LocationStore.swift */ = {isa = PBXFileReference; lastKnownFileType = sourcecode.swift; path = LocationStore.swift; sourceTree = "<group>"; };
		9E6149C8243E18620012B5F7 /* Consts.swift */ = {isa = PBXFileReference; lastKnownFileType = sourcecode.swift; path = Consts.swift; sourceTree = "<group>"; };
		9EAF12B92441F16E003F9B20 /* SettingViewModel.swift */ = {isa = PBXFileReference; lastKnownFileType = sourcecode.swift; path = SettingViewModel.swift; sourceTree = "<group>"; };
		9EB4ACAF243F18D200EFE8C5 /* UIImage+Extensions.swift */ = {isa = PBXFileReference; lastKnownFileType = sourcecode.swift; path = "UIImage+Extensions.swift"; sourceTree = "<group>"; };
		9EBB1B3E2441736500ABC272 /* SettingHelper.swift */ = {isa = PBXFileReference; lastKnownFileType = sourcecode.swift; path = SettingHelper.swift; sourceTree = "<group>"; };
		9EBB1B402441797E00ABC272 /* SettingModel.swift */ = {isa = PBXFileReference; lastKnownFileType = sourcecode.swift; path = SettingModel.swift; sourceTree = "<group>"; };
		9EC6E829243F6F2E007728CE /* currentWeatherViewModel.swift */ = {isa = PBXFileReference; lastKnownFileType = sourcecode.swift; path = currentWeatherViewModel.swift; sourceTree = "<group>"; };
		9EE665F1243DDF6900749556 /* weather.app */ = {isa = PBXFileReference; explicitFileType = wrapper.application; includeInIndex = 0; path = weather.app; sourceTree = BUILT_PRODUCTS_DIR; };
		9EE665F4243DDF6900749556 /* AppDelegate.swift */ = {isa = PBXFileReference; lastKnownFileType = sourcecode.swift; path = AppDelegate.swift; sourceTree = "<group>"; };
		9EE665F6243DDF6900749556 /* SceneDelegate.swift */ = {isa = PBXFileReference; lastKnownFileType = sourcecode.swift; path = SceneDelegate.swift; sourceTree = "<group>"; };
		9EE665F8243DDF6900749556 /* InitialViewController.swift */ = {isa = PBXFileReference; lastKnownFileType = sourcecode.swift; path = InitialViewController.swift; sourceTree = "<group>"; };
		9EE665FB243DDF6900749556 /* Base */ = {isa = PBXFileReference; lastKnownFileType = file.storyboard; name = Base; path = Base.lproj/Main.storyboard; sourceTree = "<group>"; };
		9EE665FD243DDF6A00749556 /* Assets.xcassets */ = {isa = PBXFileReference; lastKnownFileType = folder.assetcatalog; path = Assets.xcassets; sourceTree = "<group>"; };
		9EE66600243DDF6A00749556 /* Base */ = {isa = PBXFileReference; lastKnownFileType = file.storyboard; name = Base; path = Base.lproj/LaunchScreen.storyboard; sourceTree = "<group>"; };
		9EE66602243DDF6A00749556 /* Info.plist */ = {isa = PBXFileReference; lastKnownFileType = text.plist.xml; path = Info.plist; sourceTree = "<group>"; };
		9EE66607243DDF6B00749556 /* weatherTests.xctest */ = {isa = PBXFileReference; explicitFileType = wrapper.cfbundle; includeInIndex = 0; path = weatherTests.xctest; sourceTree = BUILT_PRODUCTS_DIR; };
		9EE6660B243DDF6B00749556 /* weatherTests.swift */ = {isa = PBXFileReference; lastKnownFileType = sourcecode.swift; path = weatherTests.swift; sourceTree = "<group>"; };
		9EE6660D243DDF6B00749556 /* Info.plist */ = {isa = PBXFileReference; lastKnownFileType = text.plist.xml; path = Info.plist; sourceTree = "<group>"; };
		9EE66612243DDF6B00749556 /* weatherUITests.xctest */ = {isa = PBXFileReference; explicitFileType = wrapper.cfbundle; includeInIndex = 0; path = weatherUITests.xctest; sourceTree = BUILT_PRODUCTS_DIR; };
		9EE66616243DDF6B00749556 /* weatherUITests.swift */ = {isa = PBXFileReference; lastKnownFileType = sourcecode.swift; path = weatherUITests.swift; sourceTree = "<group>"; };
		9EE66618243DDF6B00749556 /* Info.plist */ = {isa = PBXFileReference; lastKnownFileType = text.plist.xml; path = Info.plist; sourceTree = "<group>"; };
		9EE66627243DE48300749556 /* Location.swift */ = {isa = PBXFileReference; lastKnownFileType = sourcecode.swift; path = Location.swift; sourceTree = "<group>"; };
		9EE66629243DE4AE00749556 /* Weather.swift */ = {isa = PBXFileReference; lastKnownFileType = sourcecode.swift; path = Weather.swift; sourceTree = "<group>"; };
		9EE6662F243E16B400749556 /* NetworkManager.swift */ = {isa = PBXFileReference; lastKnownFileType = sourcecode.swift; path = NetworkManager.swift; sourceTree = "<group>"; };
		9EE66631243E16E400749556 /* Network.swift */ = {isa = PBXFileReference; lastKnownFileType = sourcecode.swift; path = Network.swift; sourceTree = "<group>"; };
		9EE66633243E16F000749556 /* NetworkFile.swift */ = {isa = PBXFileReference; lastKnownFileType = sourcecode.swift; path = NetworkFile.swift; sourceTree = "<group>"; };
		9EE66635243E170B00749556 /* NetworkTool.swift */ = {isa = PBXFileReference; lastKnownFileType = sourcecode.swift; path = NetworkTool.swift; sourceTree = "<group>"; };
		9EE66637243E172A00749556 /* WeatherNetworkApi.swift */ = {isa = PBXFileReference; lastKnownFileType = sourcecode.swift; path = WeatherNetworkApi.swift; sourceTree = "<group>"; };
		9EECF93B2440473100F7CC61 /* WeekWeatherTableViewCell.swift */ = {isa = PBXFileReference; lastKnownFileType = sourcecode.swift; path = WeekWeatherTableViewCell.swift; sourceTree = "<group>"; };
		9EECF93F24404F2C00F7CC61 /* weekWeatherViewModel.swift */ = {isa = PBXFileReference; lastKnownFileType = sourcecode.swift; path = weekWeatherViewModel.swift; sourceTree = "<group>"; };
		9EECF9412440952F00F7CC61 /* InitialViewController+Table.swift */ = {isa = PBXFileReference; lastKnownFileType = sourcecode.swift; path = "InitialViewController+Table.swift"; sourceTree = "<group>"; };
		9EF1EE28243F1DDC00E89A3D /* Double+Extensions.swift */ = {isa = PBXFileReference; lastKnownFileType = sourcecode.swift; path = "Double+Extensions.swift"; sourceTree = "<group>"; };
		9EFB9C4124417C1100A22F25 /* SettingTableViewCell.swift */ = {isa = PBXFileReference; lastKnownFileType = sourcecode.swift; path = SettingTableViewCell.swift; sourceTree = "<group>"; };
		9EFB9C4324417C4F00A22F25 /* SettingViewController.swift */ = {isa = PBXFileReference; lastKnownFileType = sourcecode.swift; path = SettingViewController.swift; sourceTree = "<group>"; };
/* End PBXFileReference section */

/* Begin PBXFrameworksBuildPhase section */
		9EE665EE243DDF6900749556 /* Frameworks */ = {
			isa = PBXFrameworksBuildPhase;
			buildActionMask = 2147483647;
			files = (
			);
			runOnlyForDeploymentPostprocessing = 0;
		};
		9EE66604243DDF6B00749556 /* Frameworks */ = {
			isa = PBXFrameworksBuildPhase;
			buildActionMask = 2147483647;
			files = (
			);
			runOnlyForDeploymentPostprocessing = 0;
		};
		9EE6660F243DDF6B00749556 /* Frameworks */ = {
			isa = PBXFrameworksBuildPhase;
			buildActionMask = 2147483647;
			files = (
			);
			runOnlyForDeploymentPostprocessing = 0;
		};
/* End PBXFrameworksBuildPhase section */

/* Begin PBXGroup section */
		9EB4ACAE243F18B900EFE8C5 /* extensions */ = {
			isa = PBXGroup;
			children = (
				9EB4ACAF243F18D200EFE8C5 /* UIImage+Extensions.swift */,
				9EF1EE28243F1DDC00E89A3D /* Double+Extensions.swift */,
			);
			path = extensions;
			sourceTree = "<group>";
		};
		9EBB1B3D2441735200ABC272 /* Helper */ = {
			isa = PBXGroup;
			children = (
				9EBB1B3E2441736500ABC272 /* SettingHelper.swift */,
				9E13ACAA24486C1B00DB8CD8 /* LocationStore.swift */,
			);
			path = Helper;
			sourceTree = "<group>";
		};
		9EC6E828243F6F17007728CE /* viewModel */ = {
			isa = PBXGroup;
			children = (
				9EC6E829243F6F2E007728CE /* currentWeatherViewModel.swift */,
				9EECF93F24404F2C00F7CC61 /* weekWeatherViewModel.swift */,
				9EAF12B92441F16E003F9B20 /* SettingViewModel.swift */,
				9E13ACA8244867DF00DB8CD8 /* LocationManagerViewModel.swift */,
			);
			path = viewModel;
			sourceTree = "<group>";
		};
		9EE665E8243DDF6900749556 = {
			isa = PBXGroup;
			children = (
				9EE665F3243DDF6900749556 /* weather */,
				9EE6660A243DDF6B00749556 /* weatherTests */,
				9EE66615243DDF6B00749556 /* weatherUITests */,
				9EE665F2243DDF6900749556 /* Products */,
			);
			sourceTree = "<group>";
		};
		9EE665F2243DDF6900749556 /* Products */ = {
			isa = PBXGroup;
			children = (
				9EE665F1243DDF6900749556 /* weather.app */,
				9EE66607243DDF6B00749556 /* weatherTests.xctest */,
				9EE66612243DDF6B00749556 /* weatherUITests.xctest */,
			);
			name = Products;
			sourceTree = "<group>";
		};
		9EE665F3243DDF6900749556 /* weather */ = {
			isa = PBXGroup;
			children = (
				9EBB1B3D2441735200ABC272 /* Helper */,
				9EE6662D243E166600749556 /* network */,
				9EE66626243DE47500749556 /* model */,
				9EB4ACAE243F18B900EFE8C5 /* extensions */,
				9EC6E828243F6F17007728CE /* viewModel */,
				9EECF93A2440470500F7CC61 /* Views */,
				9EE66625243DDFAB00749556 /* Controllers */,
				9EE66624243DDF8700749556 /* resources */,
			);
			path = weather;
			sourceTree = "<group>";
		};
		9EE6660A243DDF6B00749556 /* weatherTests */ = {
			isa = PBXGroup;
			children = (
				9EE6660B243DDF6B00749556 /* weatherTests.swift */,
				9EE6660D243DDF6B00749556 /* Info.plist */,
			);
			path = weatherTests;
			sourceTree = "<group>";
		};
		9EE66615243DDF6B00749556 /* weatherUITests */ = {
			isa = PBXGroup;
			children = (
				9EE66616243DDF6B00749556 /* weatherUITests.swift */,
				9EE66618243DDF6B00749556 /* Info.plist */,
			);
			path = weatherUITests;
			sourceTree = "<group>";
		};
		9EE66624243DDF8700749556 /* resources */ = {
			isa = PBXGroup;
			children = (
				9EE665F4243DDF6900749556 /* AppDelegate.swift */,
				9EE665F6243DDF6900749556 /* SceneDelegate.swift */,
				9EE665FD243DDF6A00749556 /* Assets.xcassets */,
				9EE66602243DDF6A00749556 /* Info.plist */,
				9EE665FF243DDF6A00749556 /* LaunchScreen.storyboard */,
				9EE665FA243DDF6900749556 /* Main.storyboard */,
				9E6149C8243E18620012B5F7 /* Consts.swift */,
			);
			path = resources;
			sourceTree = "<group>";
		};
		9EE66625243DDFAB00749556 /* Controllers */ = {
			isa = PBXGroup;
			children = (
				9EE665F8243DDF6900749556 /* InitialViewController.swift */,
				9EECF9412440952F00F7CC61 /* InitialViewController+Table.swift */,
				9EFB9C4324417C4F00A22F25 /* SettingViewController.swift */,
				9E13ACA42448634400DB8CD8 /* LocationManagerController.swift */,
			);
			path = Controllers;
			sourceTree = "<group>";
		};
		9EE66626243DE47500749556 /* model */ = {
			isa = PBXGroup;
			children = (
				9EE66627243DE48300749556 /* Location.swift */,
				9EE66629243DE4AE00749556 /* Weather.swift */,
				9EBB1B402441797E00ABC272 /* SettingModel.swift */,
			);
			path = model;
			sourceTree = "<group>";
		};
		9EE6662D243E166600749556 /* network */ = {
			isa = PBXGroup;
			children = (
				9EE6662E243E16A700749556 /* common */,
				9EE66637243E172A00749556 /* WeatherNetworkApi.swift */,
			);
			path = network;
			sourceTree = "<group>";
		};
		9EE6662E243E16A700749556 /* common */ = {
			isa = PBXGroup;
			children = (
				9EE6662F243E16B400749556 /* NetworkManager.swift */,
				9EE66631243E16E400749556 /* Network.swift */,
				9EE66633243E16F000749556 /* NetworkFile.swift */,
				9EE66635243E170B00749556 /* NetworkTool.swift */,
			);
			path = common;
			sourceTree = "<group>";
		};
		9EECF93A2440470500F7CC61 /* Views */ = {
			isa = PBXGroup;
			children = (
				9EECF93B2440473100F7CC61 /* WeekWeatherTableViewCell.swift */,
				9EFB9C4124417C1100A22F25 /* SettingTableViewCell.swift */,
				9E13ACA6244863EB00DB8CD8 /* LocationCell.swift */,
			);
			path = Views;
			sourceTree = "<group>";
		};
/* End PBXGroup section */

/* Begin PBXNativeTarget section */
		9EE665F0243DDF6900749556 /* weather */ = {
			isa = PBXNativeTarget;
			buildConfigurationList = 9EE6661B243DDF6B00749556 /* Build configuration list for PBXNativeTarget "weather" */;
			buildPhases = (
				9EE665ED243DDF6900749556 /* Sources */,
				9EE665EE243DDF6900749556 /* Frameworks */,
				9EE665EF243DDF6900749556 /* Resources */,
			);
			buildRules = (
			);
			dependencies = (
			);
			name = weather;
			productName = weather;
			productReference = 9EE665F1243DDF6900749556 /* weather.app */;
			productType = "com.apple.product-type.application";
		};
		9EE66606243DDF6B00749556 /* weatherTests */ = {
			isa = PBXNativeTarget;
			buildConfigurationList = 9EE6661E243DDF6B00749556 /* Build configuration list for PBXNativeTarget "weatherTests" */;
			buildPhases = (
				9EE66603243DDF6B00749556 /* Sources */,
				9EE66604243DDF6B00749556 /* Frameworks */,
				9EE66605243DDF6B00749556 /* Resources */,
			);
			buildRules = (
			);
			dependencies = (
				9EE66609243DDF6B00749556 /* PBXTargetDependency */,
			);
			name = weatherTests;
			productName = weatherTests;
			productReference = 9EE66607243DDF6B00749556 /* weatherTests.xctest */;
			productType = "com.apple.product-type.bundle.unit-test";
		};
		9EE66611243DDF6B00749556 /* weatherUITests */ = {
			isa = PBXNativeTarget;
			buildConfigurationList = 9EE66621243DDF6B00749556 /* Build configuration list for PBXNativeTarget "weatherUITests" */;
			buildPhases = (
				9EE6660E243DDF6B00749556 /* Sources */,
				9EE6660F243DDF6B00749556 /* Frameworks */,
				9EE66610243DDF6B00749556 /* Resources */,
			);
			buildRules = (
			);
			dependencies = (
				9EE66614243DDF6B00749556 /* PBXTargetDependency */,
			);
			name = weatherUITests;
			productName = weatherUITests;
			productReference = 9EE66612243DDF6B00749556 /* weatherUITests.xctest */;
			productType = "com.apple.product-type.bundle.ui-testing";
		};
/* End PBXNativeTarget section */

/* Begin PBXProject section */
		9EE665E9243DDF6900749556 /* Project object */ = {
			isa = PBXProject;
			attributes = {
				LastSwiftUpdateCheck = 1120;
				LastUpgradeCheck = 1120;
				ORGANIZATIONNAME = "六游";
				TargetAttributes = {
					9EE665F0243DDF6900749556 = {
						CreatedOnToolsVersion = 11.2.1;
					};
					9EE66606243DDF6B00749556 = {
						CreatedOnToolsVersion = 11.2.1;
						TestTargetID = 9EE665F0243DDF6900749556;
					};
					9EE66611243DDF6B00749556 = {
						CreatedOnToolsVersion = 11.2.1;
						TestTargetID = 9EE665F0243DDF6900749556;
					};
				};
			};
			buildConfigurationList = 9EE665EC243DDF6900749556 /* Build configuration list for PBXProject "weather" */;
			compatibilityVersion = "Xcode 9.3";
			developmentRegion = en;
			hasScannedForEncodings = 0;
			knownRegions = (
				en,
				Base,
			);
			mainGroup = 9EE665E8243DDF6900749556;
			productRefGroup = 9EE665F2243DDF6900749556 /* Products */;
			projectDirPath = "";
			projectRoot = "";
			targets = (
				9EE665F0243DDF6900749556 /* weather */,
				9EE66606243DDF6B00749556 /* weatherTests */,
				9EE66611243DDF6B00749556 /* weatherUITests */,
			);
		};
/* End PBXProject section */

/* Begin PBXResourcesBuildPhase section */
		9EE665EF243DDF6900749556 /* Resources */ = {
			isa = PBXResourcesBuildPhase;
			buildActionMask = 2147483647;
			files = (
				9EE66601243DDF6A00749556 /* LaunchScreen.storyboard in Resources */,
				9EE665FE243DDF6A00749556 /* Assets.xcassets in Resources */,
				9EE665FC243DDF6900749556 /* Main.storyboard in Resources */,
			);
			runOnlyForDeploymentPostprocessing = 0;
		};
		9EE66605243DDF6B00749556 /* Resources */ = {
			isa = PBXResourcesBuildPhase;
			buildActionMask = 2147483647;
			files = (
			);
			runOnlyForDeploymentPostprocessing = 0;
		};
		9EE66610243DDF6B00749556 /* Resources */ = {
			isa = PBXResourcesBuildPhase;
			buildActionMask = 2147483647;
			files = (
			);
			runOnlyForDeploymentPostprocessing = 0;
		};
/* End PBXResourcesBuildPhase section */

/* Begin PBXSourcesBuildPhase section */
		9EE665ED243DDF6900749556 /* Sources */ = {
			isa = PBXSourcesBuildPhase;
			buildActionMask = 2147483647;
			files = (
				9EE66630243E16B400749556 /* NetworkManager.swift in Sources */,
				9EF1EE29243F1DDC00E89A3D /* Double+Extensions.swift in Sources */,
				9EE665F9243DDF6900749556 /* InitialViewController.swift in Sources */,
				9EE665F5243DDF6900749556 /* AppDelegate.swift in Sources */,
				9EB4ACB0243F18D200EFE8C5 /* UIImage+Extensions.swift in Sources */,
				9EFB9C4424417C4F00A22F25 /* SettingViewController.swift in Sources */,
				9E13ACA7244863EB00DB8CD8 /* LocationCell.swift in Sources */,
				9E13ACA52448634400DB8CD8 /* LocationManagerController.swift in Sources */,
				9EE66628243DE48300749556 /* Location.swift in Sources */,
				9EFB9C4224417C1100A22F25 /* SettingTableViewCell.swift in Sources */,
				9EE665F7243DDF6900749556 /* SceneDelegate.swift in Sources */,
				9EC6E82A243F6F2E007728CE /* currentWeatherViewModel.swift in Sources */,
				9EBB1B3F2441736500ABC272 /* SettingHelper.swift in Sources */,
				9EECF9422440952F00F7CC61 /* InitialViewController+Table.swift in Sources */,
				9E13ACAB24486C1B00DB8CD8 /* LocationStore.swift in Sources */,
				9EE66636243E170B00749556 /* NetworkTool.swift in Sources */,
				9EE66638243E172A00749556 /* WeatherNetworkApi.swift in Sources */,
				9EECF93C2440473100F7CC61 /* WeekWeatherTableViewCell.swift in Sources */,
				9EE66632243E16E400749556 /* Network.swift in Sources */,
				9E6149C9243E18620012B5F7 /* Consts.swift in Sources */,
				9EECF94024404F2C00F7CC61 /* weekWeatherViewModel.swift in Sources */,
				9EBB1B412441797E00ABC272 /* SettingModel.swift in Sources */,
				9EAF12BA2441F16E003F9B20 /* SettingViewModel.swift in Sources */,
				9EE66634243E16F000749556 /* NetworkFile.swift in Sources */,
				9E13ACA9244867DF00DB8CD8 /* LocationManagerViewModel.swift in Sources */,
				9EE6662A243DE4AE00749556 /* Weather.swift in Sources */,
			);
			runOnlyForDeploymentPostprocessing = 0;
		};
		9EE66603243DDF6B00749556 /* Sources */ = {
			isa = PBXSourcesBuildPhase;
			buildActionMask = 2147483647;
			files = (
				9EE6660C243DDF6B00749556 /* weatherTests.swift in Sources */,
			);
			runOnlyForDeploymentPostprocessing = 0;
		};
		9EE6660E243DDF6B00749556 /* Sources */ = {
			isa = PBXSourcesBuildPhase;
			buildActionMask = 2147483647;
			files = (
				9EE66617243DDF6B00749556 /* weatherUITests.swift in Sources */,
			);
			runOnlyForDeploymentPostprocessing = 0;
		};
/* End PBXSourcesBuildPhase section */

/* Begin PBXTargetDependency section */
		9EE66609243DDF6B00749556 /* PBXTargetDependency */ = {
			isa = PBXTargetDependency;
			target = 9EE665F0243DDF6900749556 /* weather */;
			targetProxy = 9EE66608243DDF6B00749556 /* PBXContainerItemProxy */;
		};
		9EE66614243DDF6B00749556 /* PBXTargetDependency */ = {
			isa = PBXTargetDependency;
			target = 9EE665F0243DDF6900749556 /* weather */;
			targetProxy = 9EE66613243DDF6B00749556 /* PBXContainerItemProxy */;
		};
/* End PBXTargetDependency section */

/* Begin PBXVariantGroup section */
		9EE665FA243DDF6900749556 /* Main.storyboard */ = {
			isa = PBXVariantGroup;
			children = (
				9EE665FB243DDF6900749556 /* Base */,
			);
			name = Main.storyboard;
			sourceTree = "<group>";
		};
		9EE665FF243DDF6A00749556 /* LaunchScreen.storyboard */ = {
			isa = PBXVariantGroup;
			children = (
				9EE66600243DDF6A00749556 /* Base */,
			);
			name = LaunchScreen.storyboard;
			sourceTree = "<group>";
		};
/* End PBXVariantGroup section */

/* Begin XCBuildConfiguration section */
		9EE66619243DDF6B00749556 /* Debug */ = {
			isa = XCBuildConfiguration;
			buildSettings = {
				ALWAYS_SEARCH_USER_PATHS = NO;
				CLANG_ANALYZER_NONNULL = YES;
				CLANG_ANALYZER_NUMBER_OBJECT_CONVERSION = YES_AGGRESSIVE;
				CLANG_CXX_LANGUAGE_STANDARD = "gnu++14";
				CLANG_CXX_LIBRARY = "libc++";
				CLANG_ENABLE_MODULES = YES;
				CLANG_ENABLE_OBJC_ARC = YES;
				CLANG_ENABLE_OBJC_WEAK = YES;
				CLANG_WARN_BLOCK_CAPTURE_AUTORELEASING = YES;
				CLANG_WARN_BOOL_CONVERSION = YES;
				CLANG_WARN_COMMA = YES;
				CLANG_WARN_CONSTANT_CONVERSION = YES;
				CLANG_WARN_DEPRECATED_OBJC_IMPLEMENTATIONS = YES;
				CLANG_WARN_DIRECT_OBJC_ISA_USAGE = YES_ERROR;
				CLANG_WARN_DOCUMENTATION_COMMENTS = YES;
				CLANG_WARN_EMPTY_BODY = YES;
				CLANG_WARN_ENUM_CONVERSION = YES;
				CLANG_WARN_INFINITE_RECURSION = YES;
				CLANG_WARN_INT_CONVERSION = YES;
				CLANG_WARN_NON_LITERAL_NULL_CONVERSION = YES;
				CLANG_WARN_OBJC_IMPLICIT_RETAIN_SELF = YES;
				CLANG_WARN_OBJC_LITERAL_CONVERSION = YES;
				CLANG_WARN_OBJC_ROOT_CLASS = YES_ERROR;
				CLANG_WARN_RANGE_LOOP_ANALYSIS = YES;
				CLANG_WARN_STRICT_PROTOTYPES = YES;
				CLANG_WARN_SUSPICIOUS_MOVE = YES;
				CLANG_WARN_UNGUARDED_AVAILABILITY = YES_AGGRESSIVE;
				CLANG_WARN_UNREACHABLE_CODE = YES;
				CLANG_WARN__DUPLICATE_METHOD_MATCH = YES;
				COPY_PHASE_STRIP = NO;
				DEBUG_INFORMATION_FORMAT = dwarf;
				ENABLE_STRICT_OBJC_MSGSEND = YES;
				ENABLE_TESTABILITY = YES;
				GCC_C_LANGUAGE_STANDARD = gnu11;
				GCC_DYNAMIC_NO_PIC = NO;
				GCC_NO_COMMON_BLOCKS = YES;
				GCC_OPTIMIZATION_LEVEL = 0;
				GCC_PREPROCESSOR_DEFINITIONS = (
					"DEBUG=1",
					"$(inherited)",
				);
				GCC_WARN_64_TO_32_BIT_CONVERSION = YES;
				GCC_WARN_ABOUT_RETURN_TYPE = YES_ERROR;
				GCC_WARN_UNDECLARED_SELECTOR = YES;
				GCC_WARN_UNINITIALIZED_AUTOS = YES_AGGRESSIVE;
				GCC_WARN_UNUSED_FUNCTION = YES;
				GCC_WARN_UNUSED_VARIABLE = YES;
				IPHONEOS_DEPLOYMENT_TARGET = 13.2;
				MTL_ENABLE_DEBUG_INFO = INCLUDE_SOURCE;
				MTL_FAST_MATH = YES;
				ONLY_ACTIVE_ARCH = YES;
				SDKROOT = iphoneos;
				SWIFT_ACTIVE_COMPILATION_CONDITIONS = DEBUG;
				SWIFT_OPTIMIZATION_LEVEL = "-Onone";
			};
			name = Debug;
		};
		9EE6661A243DDF6B00749556 /* Release */ = {
			isa = XCBuildConfiguration;
			buildSettings = {
				ALWAYS_SEARCH_USER_PATHS = NO;
				CLANG_ANALYZER_NONNULL = YES;
				CLANG_ANALYZER_NUMBER_OBJECT_CONVERSION = YES_AGGRESSIVE;
				CLANG_CXX_LANGUAGE_STANDARD = "gnu++14";
				CLANG_CXX_LIBRARY = "libc++";
				CLANG_ENABLE_MODULES = YES;
				CLANG_ENABLE_OBJC_ARC = YES;
				CLANG_ENABLE_OBJC_WEAK = YES;
				CLANG_WARN_BLOCK_CAPTURE_AUTORELEASING = YES;
				CLANG_WARN_BOOL_CONVERSION = YES;
				CLANG_WARN_COMMA = YES;
				CLANG_WARN_CONSTANT_CONVERSION = YES;
				CLANG_WARN_DEPRECATED_OBJC_IMPLEMENTATIONS = YES;
				CLANG_WARN_DIRECT_OBJC_ISA_USAGE = YES_ERROR;
				CLANG_WARN_DOCUMENTATION_COMMENTS = YES;
				CLANG_WARN_EMPTY_BODY = YES;
				CLANG_WARN_ENUM_CONVERSION = YES;
				CLANG_WARN_INFINITE_RECURSION = YES;
				CLANG_WARN_INT_CONVERSION = YES;
				CLANG_WARN_NON_LITERAL_NULL_CONVERSION = YES;
				CLANG_WARN_OBJC_IMPLICIT_RETAIN_SELF = YES;
				CLANG_WARN_OBJC_LITERAL_CONVERSION = YES;
				CLANG_WARN_OBJC_ROOT_CLASS = YES_ERROR;
				CLANG_WARN_RANGE_LOOP_ANALYSIS = YES;
				CLANG_WARN_STRICT_PROTOTYPES = YES;
				CLANG_WARN_SUSPICIOUS_MOVE = YES;
				CLANG_WARN_UNGUARDED_AVAILABILITY = YES_AGGRESSIVE;
				CLANG_WARN_UNREACHABLE_CODE = YES;
				CLANG_WARN__DUPLICATE_METHOD_MATCH = YES;
				COPY_PHASE_STRIP = NO;
				DEBUG_INFORMATION_FORMAT = "dwarf-with-dsym";
				ENABLE_NS_ASSERTIONS = NO;
				ENABLE_STRICT_OBJC_MSGSEND = YES;
				GCC_C_LANGUAGE_STANDARD = gnu11;
				GCC_NO_COMMON_BLOCKS = YES;
				GCC_WARN_64_TO_32_BIT_CONVERSION = YES;
				GCC_WARN_ABOUT_RETURN_TYPE = YES_ERROR;
				GCC_WARN_UNDECLARED_SELECTOR = YES;
				GCC_WARN_UNINITIALIZED_AUTOS = YES_AGGRESSIVE;
				GCC_WARN_UNUSED_FUNCTION = YES;
				GCC_WARN_UNUSED_VARIABLE = YES;
				IPHONEOS_DEPLOYMENT_TARGET = 13.2;
				MTL_ENABLE_DEBUG_INFO = NO;
				MTL_FAST_MATH = YES;
				SDKROOT = iphoneos;
				SWIFT_COMPILATION_MODE = wholemodule;
				SWIFT_OPTIMIZATION_LEVEL = "-O";
				VALIDATE_PRODUCT = YES;
			};
			name = Release;
		};
		9EE6661C243DDF6B00749556 /* Debug */ = {
			isa = XCBuildConfiguration;
			buildSettings = {
				ASSETCATALOG_COMPILER_APPICON_NAME = AppIcon;
				CODE_SIGN_STYLE = Automatic;
				INFOPLIST_FILE = weather/resources/Info.plist;
				LD_RUNPATH_SEARCH_PATHS = (
					"$(inherited)",
					"@executable_path/Frameworks",
				);
				PRODUCT_BUNDLE_IDENTIFIER = com.liuyousama.weather;
				PRODUCT_NAME = "$(TARGET_NAME)";
				SWIFT_VERSION = 5.0;
				TARGETED_DEVICE_FAMILY = "1,2";
			};
			name = Debug;
		};
		9EE6661D243DDF6B00749556 /* Release */ = {
			isa = XCBuildConfiguration;
			buildSettings = {
				ASSETCATALOG_COMPILER_APPICON_NAME = AppIcon;
				CODE_SIGN_STYLE = Automatic;
				INFOPLIST_FILE = weather/resources/Info.plist;
				LD_RUNPATH_SEARCH_PATHS = (
					"$(inherited)",
					"@executable_path/Frameworks",
				);
				PRODUCT_BUNDLE_IDENTIFIER = com.liuyousama.weather;
				PRODUCT_NAME = "$(TARGET_NAME)";
				SWIFT_VERSION = 5.0;
				TARGETED_DEVICE_FAMILY = "1,2";
			};
			name = Release;
		};
		9EE6661F243DDF6B00749556 /* Debug */ = {
			isa = XCBuildConfiguration;
			buildSettings = {
				ALWAYS_EMBED_SWIFT_STANDARD_LIBRARIES = YES;
				BUNDLE_LOADER = "$(TEST_HOST)";
				CODE_SIGN_STYLE = Automatic;
				INFOPLIST_FILE = weatherTests/Info.plist;
				IPHONEOS_DEPLOYMENT_TARGET = 13.2;
				LD_RUNPATH_SEARCH_PATHS = (
					"$(inherited)",
					"@executable_path/Frameworks",
					"@loader_path/Frameworks",
				);
				PRODUCT_BUNDLE_IDENTIFIER = com.liuyousama.weatherTests;
				PRODUCT_NAME = "$(TARGET_NAME)";
				SWIFT_VERSION = 5.0;
				TARGETED_DEVICE_FAMILY = "1,2";
				TEST_HOST = "$(BUILT_PRODUCTS_DIR)/weather.app/weather";
			};
			name = Debug;
		};
		9EE66620243DDF6B00749556 /* Release */ = {
			isa = XCBuildConfiguration;
			buildSettings = {
				ALWAYS_EMBED_SWIFT_STANDARD_LIBRARIES = YES;
				BUNDLE_LOADER = "$(TEST_HOST)";
				CODE_SIGN_STYLE = Automatic;
				INFOPLIST_FILE = weatherTests/Info.plist;
				IPHONEOS_DEPLOYMENT_TARGET = 13.2;
				LD_RUNPATH_SEARCH_PATHS = (
					"$(inherited)",
					"@executable_path/Frameworks",
					"@loader_path/Frameworks",
				);
				PRODUCT_BUNDLE_IDENTIFIER = com.liuyousama.weatherTests;
				PRODUCT_NAME = "$(TARGET_NAME)";
				SWIFT_VERSION = 5.0;
				TARGETED_DEVICE_FAMILY = "1,2";
				TEST_HOST = "$(BUILT_PRODUCTS_DIR)/weather.app/weather";
			};
			name = Release;
		};
		9EE66622243DDF6B00749556 /* Debug */ = {
			isa = XCBuildConfiguration;
			buildSettings = {
				ALWAYS_EMBED_SWIFT_STANDARD_LIBRARIES = YES;
				CODE_SIGN_STYLE = Automatic;
				INFOPLIST_FILE = weatherUITests/Info.plist;
				LD_RUNPATH_SEARCH_PATHS = (
					"$(inherited)",
					"@executable_path/Frameworks",
					"@loader_path/Frameworks",
				);
				PRODUCT_BUNDLE_IDENTIFIER = com.liuyousama.weatherUITests;
				PRODUCT_NAME = "$(TARGET_NAME)";
				SWIFT_VERSION = 5.0;
				TARGETED_DEVICE_FAMILY = "1,2";
				TEST_TARGET_NAME = weather;
			};
			name = Debug;
		};
		9EE66623243DDF6B00749556 /* Release */ = {
			isa = XCBuildConfiguration;
			buildSettings = {
				ALWAYS_EMBED_SWIFT_STANDARD_LIBRARIES = YES;
				CODE_SIGN_STYLE = Automatic;
				INFOPLIST_FILE = weatherUITests/Info.plist;
				LD_RUNPATH_SEARCH_PATHS = (
					"$(inherited)",
					"@executable_path/Frameworks",
					"@loader_path/Frameworks",
				);
				PRODUCT_BUNDLE_IDENTIFIER = com.liuyousama.weatherUITests;
				PRODUCT_NAME = "$(TARGET_NAME)";
				SWIFT_VERSION = 5.0;
				TARGETED_DEVICE_FAMILY = "1,2";
				TEST_TARGET_NAME = weather;
			};
			name = Release;
		};
/* End XCBuildConfiguration section */

/* Begin XCConfigurationList section */
		9EE665EC243DDF6900749556 /* Build configuration list for PBXProject "weather" */ = {
			isa = XCConfigurationList;
			buildConfigurations = (
				9EE66619243DDF6B00749556 /* Debug */,
				9EE6661A243DDF6B00749556 /* Release */,
			);
			defaultConfigurationIsVisible = 0;
			defaultConfigurationName = Release;
		};
		9EE6661B243DDF6B00749556 /* Build configuration list for PBXNativeTarget "weather" */ = {
			isa = XCConfigurationList;
			buildConfigurations = (
				9EE6661C243DDF6B00749556 /* Debug */,
				9EE6661D243DDF6B00749556 /* Release */,
			);
			defaultConfigurationIsVisible = 0;
			defaultConfigurationName = Release;
		};
		9EE6661E243DDF6B00749556 /* Build configuration list for PBXNativeTarget "weatherTests" */ = {
			isa = XCConfigurationList;
			buildConfigurations = (
				9EE6661F243DDF6B00749556 /* Debug */,
				9EE66620243DDF6B00749556 /* Release */,
			);
			defaultConfigurationIsVisible = 0;
			defaultConfigurationName = Release;
		};
		9EE66621243DDF6B00749556 /* Build configuration list for PBXNativeTarget "weatherUITests" */ = {
			isa = XCConfigurationList;
			buildConfigurations = (
				9EE66622243DDF6B00749556 /* Debug */,
				9EE66623243DDF6B00749556 /* Release */,
			);
			defaultConfigurationIsVisible = 0;
			defaultConfigurationName = Release;
		};
/* End XCConfigurationList section */
	};
	rootObject = 9EE665E9243DDF6900749556 /* Project object */;
}
